
Microsoft Visual Studio Solution File, Format Version 12.00
# Visual Studio Version 17
VisualStudioVersion = 17.13.35828.75 d17.13
MinimumVisualStudioVersion = 10.0.40219.1
Project("{FAE04EC0-301F-11D3-BF4B-00C04F79EFBC}") = "StoryExtractor", "StoryExtractor.csproj", "{4D46C24C-98EE-4F1C-8378-1DC4E8AF0AD8}"
EndProject
Global
	GlobalSection(SolutionConfigurationPlatforms) = preSolution
		Debug|Any CPU = Debug|Any CPU
		Release|Any CPU = Release|Any CPU
	EndGlobalSection
	GlobalSection(ProjectConfigurationPlatforms) = postSolution
		{4D46C24C-98EE-4F1C-8378-1DC4E8AF0AD8}.Debug|Any CPU.ActiveCfg = Debug|Any CPU
		{4D46C24C-98EE-4F1C-8378-1DC4E8AF0AD8}.Debug|Any CPU.Build.0 = Debug|Any CPU
		{4D46C24C-98EE-4F1C-8378-1DC4E8AF0AD8}.Release|Any CPU.ActiveCfg = Release|Any CPU
		{4D46C24C-98EE-4F1C-8378-1DC4E8AF0AD8}.Release|Any CPU.Build.0 = Release|Any CPU
	EndGlobalSection
	GlobalSection(SolutionProperties) = preSolution
		HideSolutionNode = FALSE
	EndGlobalSection
	GlobalSection(ExtensibilityGlobals) = postSolution
		SolutionGuid = {89AC008F-8126-40FB-AB11-E558EBD2F817}
	EndGlobalSection
EndGlobal
